
Microsoft Visual Studio Solution File, Format Version 12.00
# Visual Studio Version 17
VisualStudioVersion = 17.8.34525.116
MinimumVisualStudioVersion = 10.0.40219.1
Project("{FAE04EC0-301F-11D3-BF4B-00C04F79EFBC}") = "PrimeNumber", "PrimeNumber.csproj", "{5AF38F9D-DE72-4DF9-B7BE-AB585BAB511D}"
EndProject
Global
	GlobalSection(SolutionConfigurationPlatforms) = preSolution
		Debug|Any CPU = Debug|Any CPU
		Release|Any CPU = Release|Any CPU
	EndGlobalSection
	GlobalSection(ProjectConfigurationPlatforms) = postSolution
		{5AF38F9D-DE72-4DF9-B7BE-AB585BAB511D}.Debug|Any CPU.ActiveCfg = Debug|Any CPU
		{5AF38F9D-DE72-4DF9-B7BE-AB585BAB511D}.Debug|Any CPU.Build.0 = Debug|Any CPU
		{5AF38F9D-DE72-4DF9-B7BE-AB585BAB511D}.Release|Any CPU.ActiveCfg = Release|Any CPU
		{5AF38F9D-DE72-4DF9-B7BE-AB585BAB511D}.Release|Any CPU.Build.0 = Release|Any CPU
	EndGlobalSection
	GlobalSection(SolutionProperties) = preSolution
		HideSolutionNode = FALSE
	EndGlobalSection
	GlobalSection(ExtensibilityGlobals) = postSolution
		SolutionGuid = {3F702571-85F7-42FE-AF38-01F22C2A5293}
	EndGlobalSection
EndGlobal
